# This file was autogenerated by Stack.
# You should not edit this file by hand.
# For more information, please see the documentation at:
#   https://docs.haskellstack.org/en/stable/topics/lock_files

packages:
- completed:
    hackage: aeson-2.2.3.0@sha256:61e559f2bad61a98aac564f2a4fd892d21e9e1712e14e3db93326317aa944a9b,6378
    pantry-tree:
      sha256: 79077b6ebb6978d5f843e9a128865dcd7e99258d627b35dfccf662f88c80b89f
      size: 83371
  original:
    hackage: aeson-2.2.3.0
- completed:
    hackage: lens-5.3.4@sha256:c85e744694c84e7f75d26b26477ac63faaa4d44f3e2ee437d5ee8cb4996c1aeb,14839
    pantry-tree:
      sha256: 23171f6738b11709fd79453583576ab132baea1e2ecba9ed6fa10698a75836ec
      size: 8405
  original:
    hackage: lens-5.3.4
- completed:
    hackage: character-ps-0.1@sha256:b38ed1c07ae49e7461e44ca1d00c9ca24d1dcb008424ccd919916f92fd48d9fe,1315
    pantry-tree:
      sha256: 22d98d7c8b4c2bb9cb7fe429adf52bfed0c18269eac146b1e591c5941e26161a
      size: 382
  original:
    hackage: character-ps-0.1
- completed:
    hackage: hashable-1.4.7.0@sha256:573f3ab242f75465a0d67ce9d84202650a1606575e6dbd6d31ffcf4767a9a379,6629
    pantry-tree:
      sha256: 9ec168505c52fa389b7447a1251b302e32537adeecac88c2aa72beed53beb3bd
      size: 1578
  original:
    hackage: hashable-1.4.7.0
- completed:
    hackage: wreq-0.5.4.3@sha256:fe0677e0f960c2e13e855e7310b067bf313089c65e9400bfba3065522325018b,5275
    pantry-tree:
      sha256: 5c84a4e675f5fedeac0e85483450f60f318dbd8a3b23403e077bebaa8d6baedc
      size: 2423
  original:
    hackage: wreq-0.5.4.3
snapshots:
- completed:
    sha256: 238fa745b64f91184f9aa518fe04bdde6552533d169b0da5256670df83a0f1a9
    size: 721141
    url: https://raw.githubusercontent.com/commercialhaskell/stackage-snapshots/master/lts/22/44.yaml
  original: lts-22.44
